
Microsoft Visual Studio Solution File, Format Version 12.00
Project("{FAE04EC0-301F-11D3-BF4B-00C04F79EFBC}") = "Saturn.Telegram.Service", "Saturn.Telegram.Service\Saturn.Telegram.Service.csproj", "{DB58A1C5-10B1-484A-9D3F-4E2C8CB7C933}"
EndProject
Project("{2150E333-8FDC-42A3-9474-1A3956D46DE8}") = "Solution Items", "Solution Items", "{FACF396F-958E-48A3-9EF2-F68C9AF09BB3}"
	ProjectSection(SolutionItems) = preProject
		docker-compose.yaml = docker-compose.yaml
		Dockerfile = Dockerfile
		.dockerignore = .dockerignore
		.gitignore = .gitignore
	EndProjectSection
EndProject
Project("{FAE04EC0-301F-11D3-BF4B-00C04F79EFBC}") = "Saturn.Telegram.Lib", "Saturn.Telegram.Lib\Saturn.Telegram.Lib.csproj", "{FBE38E9E-0F9E-43A9-956A-CE888B9A65E3}"
EndProject
Project("{FAE04EC0-301F-11D3-BF4B-00C04F79EFBC}") = "Saturn.Telegram.Infrastructure", "Saturn.Telegram.Infrastructure\Saturn.Telegram.Infrastructure.csproj", "{BD1FF1AA-1108-42C8-B42C-49EB0F7CB1A5}"
EndProject
Project("{FAE04EC0-301F-11D3-BF4B-00C04F79EFBC}") = "Saturn.Telegram.Db", "Saturn.Telegram.Db\Saturn.Telegram.Db.csproj", "{90331CA8-24ED-4BC0-969F-FB8A231865A0}"
EndProject
Global
	GlobalSection(SolutionConfigurationPlatforms) = preSolution
		Debug|Any CPU = Debug|Any CPU
		Release|Any CPU = Release|Any CPU
	EndGlobalSection
	GlobalSection(ProjectConfigurationPlatforms) = postSolution
		{DB58A1C5-10B1-484A-9D3F-4E2C8CB7C933}.Debug|Any CPU.ActiveCfg = Debug|Any CPU
		{DB58A1C5-10B1-484A-9D3F-4E2C8CB7C933}.Debug|Any CPU.Build.0 = Debug|Any CPU
		{DB58A1C5-10B1-484A-9D3F-4E2C8CB7C933}.Release|Any CPU.ActiveCfg = Release|Any CPU
		{DB58A1C5-10B1-484A-9D3F-4E2C8CB7C933}.Release|Any CPU.Build.0 = Release|Any CPU
		{FBE38E9E-0F9E-43A9-956A-CE888B9A65E3}.Debug|Any CPU.ActiveCfg = Debug|Any CPU
		{FBE38E9E-0F9E-43A9-956A-CE888B9A65E3}.Debug|Any CPU.Build.0 = Debug|Any CPU
		{FBE38E9E-0F9E-43A9-956A-CE888B9A65E3}.Release|Any CPU.ActiveCfg = Release|Any CPU
		{FBE38E9E-0F9E-43A9-956A-CE888B9A65E3}.Release|Any CPU.Build.0 = Release|Any CPU
		{BD1FF1AA-1108-42C8-B42C-49EB0F7CB1A5}.Debug|Any CPU.ActiveCfg = Debug|Any CPU
		{BD1FF1AA-1108-42C8-B42C-49EB0F7CB1A5}.Debug|Any CPU.Build.0 = Debug|Any CPU
		{BD1FF1AA-1108-42C8-B42C-49EB0F7CB1A5}.Release|Any CPU.ActiveCfg = Release|Any CPU
		{BD1FF1AA-1108-42C8-B42C-49EB0F7CB1A5}.Release|Any CPU.Build.0 = Release|Any CPU
		{90331CA8-24ED-4BC0-969F-FB8A231865A0}.Debug|Any CPU.ActiveCfg = Debug|Any CPU
		{90331CA8-24ED-4BC0-969F-FB8A231865A0}.Debug|Any CPU.Build.0 = Debug|Any CPU
		{90331CA8-24ED-4BC0-969F-FB8A231865A0}.Release|Any CPU.ActiveCfg = Release|Any CPU
		{90331CA8-24ED-4BC0-969F-FB8A231865A0}.Release|Any CPU.Build.0 = Release|Any CPU
	EndGlobalSection
EndGlobal
